Microsoft Visual Studio Solution File, Format Version 12.00
# Visual Studio Version 16
VisualStudioVersion = 16.0.29920.165
MinimumVisualStudioVersion = 15.0.26124.0
Project("{D954291E-2A0B-460D-934E-DC6B0785DB48}") = "YourWaifu2x.Shared", "YourWaifu2x.Shared\YourWaifu2x.Shared.shproj", "{6279C845-92F8-4333-AB99-3D213163593C}"
EndProject
Project("{FAE04EC0-301F-11D3-BF4B-00C04F79EFBC}") = "YourWaifu2x.Droid", "YourWaifu2x.Droid\YourWaifu2x.Droid.csproj", "{0B4D5F57-5531-43AD-8CF9-69706BB14642}"
EndProject
Project("{FAE04EC0-301F-11D3-BF4B-00C04F79EFBC}") = "YourWaifu2x.iOS", "YourWaifu2x.iOS\YourWaifu2x.iOS.csproj", "{A4BF0540-DBA9-4AF6-BE66-D5B409B9AB83}"
EndProject
Project("{FAE04EC0-301F-11D3-BF4B-00C04F79EFBC}") = "YourWaifu2x.Uwp", "YourWaifu2x.UWP\YourWaifu2x.Uwp.csproj", "{F9E9A131-E2FF-4432-8D85-93CA286B278B}"
EndProject
Project("{9A19103F-16F7-4668-BE54-9A1E7A4F7556}") = "YourWaifu2x.Wasm", "YourWaifu2x.Wasm\YourWaifu2x.Wasm.csproj", "{40EA03F7-8A22-4143-B251-79BAC3EB13D2}"
EndProject
Project("{FAE04EC0-301F-11D3-BF4B-00C04F79EFBC}") = "YourWaifu2x.macOS", "YourWaifu2x.macOS\YourWaifu2x.macOS.csproj", "{58DECD4D-BE14-49C3-9BF5-552AF22D2846}"
EndProject
Project("{9A19103F-16F7-4668-BE54-9A1E7A4F7556}") = "YourWaifu2x.Skia.Gtk", "YourWaifu2x.Skia.Gtk\YourWaifu2x.Skia.Gtk.csproj", "{A5B8155A-118F-4794-B551-C6F3CF7E5411}"
EndProject
Project("{9A19103F-16F7-4668-BE54-9A1E7A4F7556}") = "YourWaifu2x.Skia.WPF", "YourWaifu2x.Skia.WPF\YourWaifu2x.Skia.WPF.csproj", "{BB4CC1E0-A0F3-4DF7-AE08-00B374125E64}"
EndProject
Project("{9A19103F-16F7-4668-BE54-9A1E7A4F7556}") = "YourWaifu2x.Skia.Wpf.Host", "YourWaifu2x.Skia.WPF.Host\YourWaifu2x.Skia.Wpf.Host.csproj", "{6CF284A4-22B1-4F05-97F4-F095C07A598E}"
EndProject
Global
	GlobalSection(SharedMSBuildProjectFiles) = preSolution
		YourWaifu2x.Shared\YourWaifu2x.Shared.projitems*{0b4d5f57-5531-43ad-8cf9-69706bb14642}*SharedItemsImports = 4
		YourWaifu2x.Shared\YourWaifu2x.Shared.projitems*{40ea03f7-8a22-4143-b251-79bac3eb13d2}*SharedItemsImports = 5
		YourWaifu2x.Shared\YourWaifu2x.Shared.projitems*{58decd4d-be14-49c3-9bf5-552af22d2846}*SharedItemsImports = 4
		YourWaifu2x.Shared\YourWaifu2x.Shared.projitems*{6279c845-92f8-4333-ab99-3d213163593c}*SharedItemsImports = 13
		YourWaifu2x.Shared\YourWaifu2x.Shared.projitems*{a4bf0540-dba9-4af6-be66-d5b409b9ab83}*SharedItemsImports = 4
		YourWaifu2x.Shared\YourWaifu2x.Shared.projitems*{a5b8155a-118f-4794-b551-c6f3cf7e5411}*SharedItemsImports = 5
		YourWaifu2x.Shared\YourWaifu2x.Shared.projitems*{bb4cc1e0-a0f3-4df7-ae08-00b374125e64}*SharedItemsImports = 5
		YourWaifu2x.Shared\YourWaifu2x.Shared.projitems*{f9e9a131-e2ff-4432-8d85-93ca286b278b}*SharedItemsImports = 4
	EndGlobalSection
	GlobalSection(SolutionConfigurationPlatforms) = preSolution
		Debug|Any CPU = Debug|Any CPU
		Debug|ARM = Debug|ARM
		Debug|ARM64 = Debug|ARM64
		Debug|iPhone = Debug|iPhone
		Debug|iPhoneSimulator = Debug|iPhoneSimulator
		Debug|x64 = Debug|x64
		Debug|x86 = Debug|x86
		Release|Any CPU = Release|Any CPU
		Release|ARM = Release|ARM
		Release|ARM64 = Release|ARM64
		Release|iPhone = Release|iPhone
		Release|iPhoneSimulator = Release|iPhoneSimulator
		Release|x64 = Release|x64
		Release|x86 = Release|x86
	EndGlobalSection
	GlobalSection(ProjectConfigurationPlatforms) = postSolution
		{0B4D5F57-5531-43AD-8CF9-69706BB14642}.Debug|Any CPU.ActiveCfg = Debug|Any CPU
		{0B4D5F57-5531-43AD-8CF9-69706BB14642}.Debug|Any CPU.Build.0 = Debug|Any CPU
		{0B4D5F57-5531-43AD-8CF9-69706BB14642}.Debug|Any CPU.Deploy.0 = Debug|Any CPU
		{0B4D5F57-5531-43AD-8CF9-69706BB14642}.Debug|ARM.ActiveCfg = Debug|Any CPU
		{0B4D5F57-5531-43AD-8CF9-69706BB14642}.Debug|ARM.Build.0 = Debug|Any CPU
		{0B4D5F57-5531-43AD-8CF9-69706BB14642}.Debug|ARM.Deploy.0 = Debug|Any CPU
		{0B4D5F57-5531-43AD-8CF9-69706BB14642}.Debug|ARM64.ActiveCfg = Debug|Any CPU
		{0B4D5F57-5531-43AD-8CF9-69706BB14642}.Debug|ARM64.Build.0 = Debug|Any CPU
		{0B4D5F57-5531-43AD-8CF9-69706BB14642}.Debug|ARM64.Deploy.0 = Debug|Any CPU
		{0B4D5F57-5531-43AD-8CF9-69706BB14642}.Debug|iPhone.ActiveCfg = Debug|Any CPU
		{0B4D5F57-5531-43AD-8CF9-69706BB14642}.Debug|iPhone.Build.0 = Debug|Any CPU
		{0B4D5F57-5531-43AD-8CF9-69706BB14642}.Debug|iPhone.Deploy.0 = Debug|Any CPU
		{0B4D5F57-5531-43AD-8CF9-69706BB14642}.Debug|iPhoneSimulator.ActiveCfg = Debug|Any CPU
		{0B4D5F57-5531-43AD-8CF9-69706BB14642}.Debug|iPhoneSimulator.Build.0 = Debug|Any CPU
		{0B4D5F57-5531-43AD-8CF9-69706BB14642}.Debug|iPhoneSimulator.Deploy.0 = Debug|Any CPU
		{0B4D5F57-5531-43AD-8CF9-69706BB14642}.Debug|x64.ActiveCfg = Debug|Any CPU
		{0B4D5F57-5531-43AD-8CF9-69706BB14642}.Debug|x64.Build.0 = Debug|Any CPU
		{0B4D5F57-5531-43AD-8CF9-69706BB14642}.Debug|x64.Deploy.0 = Debug|Any CPU
		{0B4D5F57-5531-43AD-8CF9-69706BB14642}.Debug|x86.ActiveCfg = Debug|Any CPU
		{0B4D5F57-5531-43AD-8CF9-69706BB14642}.Debug|x86.Build.0 = Debug|Any CPU
		{0B4D5F57-5531-43AD-8CF9-69706BB14642}.Debug|x86.Deploy.0 = Debug|Any CPU
		{0B4D5F57-5531-43AD-8CF9-69706BB14642}.Release|Any CPU.ActiveCfg = Release|Any CPU
		{0B4D5F57-5531-43AD-8CF9-69706BB14642}.Release|Any CPU.Build.0 = Release|Any CPU
		{0B4D5F57-5531-43AD-8CF9-69706BB14642}.Release|Any CPU.Deploy.0 = Release|Any CPU
		{0B4D5F57-5531-43AD-8CF9-69706BB14642}.Release|ARM.ActiveCfg = Release|Any CPU
		{0B4D5F57-5531-43AD-8CF9-69706BB14642}.Release|ARM.Build.0 = Release|Any CPU
		{0B4D5F57-5531-43AD-8CF9-69706BB14642}.Release|ARM.Deploy.0 = Release|Any CPU
		{0B4D5F57-5531-43AD-8CF9-69706BB14642}.Release|ARM64.ActiveCfg = Release|Any CPU
		{0B4D5F57-5531-43AD-8CF9-69706BB14642}.Release|ARM64.Build.0 = Release|Any CPU
		{0B4D5F57-5531-43AD-8CF9-69706BB14642}.Release|ARM64.Deploy.0 = Release|Any CPU
		{0B4D5F57-5531-43AD-8CF9-69706BB14642}.Release|iPhone.ActiveCfg = Release|Any CPU
		{0B4D5F57-5531-43AD-8CF9-69706BB14642}.Release|iPhone.Build.0 = Release|Any CPU
		{0B4D5F57-5531-43AD-8CF9-69706BB14642}.Release|iPhone.Deploy.0 = Release|Any CPU
		{0B4D5F57-5531-43AD-8CF9-69706BB14642}.Release|iPhoneSimulator.ActiveCfg = Release|Any CPU
		{0B4D5F57-5531-43AD-8CF9-69706BB14642}.Release|iPhoneSimulator.Build.0 = Release|Any CPU
		{0B4D5F57-5531-43AD-8CF9-69706BB14642}.Release|iPhoneSimulator.Deploy.0 = Release|Any CPU
		{0B4D5F57-5531-43AD-8CF9-69706BB14642}.Release|x64.ActiveCfg = Release|Any CPU
		{0B4D5F57-5531-43AD-8CF9-69706BB14642}.Release|x64.Build.0 = Release|Any CPU
		{0B4D5F57-5531-43AD-8CF9-69706BB14642}.Release|x64.Deploy.0 = Release|Any CPU
		{0B4D5F57-5531-43AD-8CF9-69706BB14642}.Release|x86.ActiveCfg = Release|Any CPU
		{0B4D5F57-5531-43AD-8CF9-69706BB14642}.Release|x86.Build.0 = Release|Any CPU
		{0B4D5F57-5531-43AD-8CF9-69706BB14642}.Release|x86.Deploy.0 = Release|Any CPU
		{A4BF0540-DBA9-4AF6-BE66-D5B409B9AB83}.Debug|Any CPU.ActiveCfg = Debug|iPhone
		{A4BF0540-DBA9-4AF6-BE66-D5B409B9AB83}.Debug|Any CPU.Build.0 = Debug|iPhone
		{A4BF0540-DBA9-4AF6-BE66-D5B409B9AB83}.Debug|Any CPU.Deploy.0 = Debug|iPhone
		{A4BF0540-DBA9-4AF6-BE66-D5B409B9AB83}.Debug|ARM.ActiveCfg = Debug|iPhone
		{A4BF0540-DBA9-4AF6-BE66-D5B409B9AB83}.Debug|ARM64.ActiveCfg = Debug|iPhone
		{A4BF0540-DBA9-4AF6-BE66-D5B409B9AB83}.Debug|iPhone.ActiveCfg = Debug|iPhone
		{A4BF0540-DBA9-4AF6-BE66-D5B409B9AB83}.Debug|iPhone.Build.0 = Debug|iPhone
		{A4BF0540-DBA9-4AF6-BE66-D5B409B9AB83}.Debug|iPhoneSimulator.ActiveCfg = Debug|iPhoneSimulator
		{A4BF0540-DBA9-4AF6-BE66-D5B409B9AB83}.Debug|iPhoneSimulator.Build.0 = Debug|iPhoneSimulator
		{A4BF0540-DBA9-4AF6-BE66-D5B409B9AB83}.Debug|x64.ActiveCfg = Debug|iPhone
		{A4BF0540-DBA9-4AF6-BE66-D5B409B9AB83}.Debug|x64.Build.0 = Debug|iPhone
		{A4BF0540-DBA9-4AF6-BE66-D5B409B9AB83}.Debug|x64.Deploy.0 = Debug|iPhone
		{A4BF0540-DBA9-4AF6-BE66-D5B409B9AB83}.Debug|x86.ActiveCfg = Debug|iPhoneSimulator
		{A4BF0540-DBA9-4AF6-BE66-D5B409B9AB83}.Debug|x86.Build.0 = Debug|iPhoneSimulator
		{A4BF0540-DBA9-4AF6-BE66-D5B409B9AB83}.Debug|x86.Deploy.0 = Debug|iPhoneSimulator
		{A4BF0540-DBA9-4AF6-BE66-D5B409B9AB83}.Release|Any CPU.ActiveCfg = Release|iPhone
		{A4BF0540-DBA9-4AF6-BE66-D5B409B9AB83}.Release|ARM.ActiveCfg = Release|iPhone
		{A4BF0540-DBA9-4AF6-BE66-D5B409B9AB83}.Release|ARM64.ActiveCfg = Release|iPhone
		{A4BF0540-DBA9-4AF6-BE66-D5B409B9AB83}.Release|iPhone.ActiveCfg = Release|iPhone
		{A4BF0540-DBA9-4AF6-BE66-D5B409B9AB83}.Release|iPhone.Build.0 = Release|iPhone
		{A4BF0540-DBA9-4AF6-BE66-D5B409B9AB83}.Release|iPhoneSimulator.ActiveCfg = Release|iPhoneSimulator
		{A4BF0540-DBA9-4AF6-BE66-D5B409B9AB83}.Release|iPhoneSimulator.Build.0 = Release|iPhoneSimulator
		{A4BF0540-DBA9-4AF6-BE66-D5B409B9AB83}.Release|x64.ActiveCfg = Release|iPhoneSimulator
		{A4BF0540-DBA9-4AF6-BE66-D5B409B9AB83}.Release|x64.Build.0 = Release|iPhoneSimulator
		{A4BF0540-DBA9-4AF6-BE66-D5B409B9AB83}.Release|x64.Deploy.0 = Release|iPhoneSimulator
		{A4BF0540-DBA9-4AF6-BE66-D5B409B9AB83}.Release|x86.ActiveCfg = Release|iPhoneSimulator
		{A4BF0540-DBA9-4AF6-BE66-D5B409B9AB83}.Release|x86.Build.0 = Release|iPhoneSimulator
		{F9E9A131-E2FF-4432-8D85-93CA286B278B}.Debug|Any CPU.ActiveCfg = Debug|x86
		{F9E9A131-E2FF-4432-8D85-93CA286B278B}.Debug|Any CPU.Build.0 = Debug|x86
		{F9E9A131-E2FF-4432-8D85-93CA286B278B}.Debug|Any CPU.Deploy.0 = Debug|x86
		{F9E9A131-E2FF-4432-8D85-93CA286B278B}.Debug|ARM.ActiveCfg = Debug|ARM
		{F9E9A131-E2FF-4432-8D85-93CA286B278B}.Debug|ARM.Build.0 = Debug|ARM
		{F9E9A131-E2FF-4432-8D85-93CA286B278B}.Debug|ARM.Deploy.0 = Debug|ARM
		{F9E9A131-E2FF-4432-8D85-93CA286B278B}.Debug|ARM64.ActiveCfg = Debug|ARM64
		{F9E9A131-E2FF-4432-8D85-93CA286B278B}.Debug|ARM64.Build.0 = Debug|ARM64
		{F9E9A131-E2FF-4432-8D85-93CA286B278B}.Debug|ARM64.Deploy.0 = Debug|ARM64
		{F9E9A131-E2FF-4432-8D85-93CA286B278B}.Debug|iPhone.ActiveCfg = Debug|x86
		{F9E9A131-E2FF-4432-8D85-93CA286B278B}.Debug|iPhone.Build.0 = Debug|x86
		{F9E9A131-E2FF-4432-8D85-93CA286B278B}.Debug|iPhone.Deploy.0 = Debug|x86
		{F9E9A131-E2FF-4432-8D85-93CA286B278B}.Debug|iPhoneSimulator.ActiveCfg = Debug|x86
		{F9E9A131-E2FF-4432-8D85-93CA286B278B}.Debug|iPhoneSimulator.Build.0 = Debug|x86
		{F9E9A131-E2FF-4432-8D85-93CA286B278B}.Debug|iPhoneSimulator.Deploy.0 = Debug|x86
		{F9E9A131-E2FF-4432-8D85-93CA286B278B}.Debug|x64.ActiveCfg = Debug|x64
		{F9E9A131-E2FF-4432-8D85-93CA286B278B}.Debug|x64.Build.0 = Debug|x64
		{F9E9A131-E2FF-4432-8D85-93CA286B278B}.Debug|x64.Deploy.0 = Debug|x64
		{F9E9A131-E2FF-4432-8D85-93CA286B278B}.Debug|x86.ActiveCfg = Debug|x86
		{F9E9A131-E2FF-4432-8D85-93CA286B278B}.Debug|x86.Build.0 = Debug|x86
		{F9E9A131-E2FF-4432-8D85-93CA286B278B}.Debug|x86.Deploy.0 = Debug|x86
		{F9E9A131-E2FF-4432-8D85-93CA286B278B}.Release|Any CPU.ActiveCfg = Release|x86
		{F9E9A131-E2FF-4432-8D85-93CA286B278B}.Release|ARM.ActiveCfg = Release|ARM
		{F9E9A131-E2FF-4432-8D85-93CA286B278B}.Release|ARM.Build.0 = Release|ARM
		{F9E9A131-E2FF-4432-8D85-93CA286B278B}.Release|ARM.Deploy.0 = Release|ARM
		{F9E9A131-E2FF-4432-8D85-93CA286B278B}.Release|ARM64.ActiveCfg = Release|ARM64
		{F9E9A131-E2FF-4432-8D85-93CA286B278B}.Release|ARM64.Build.0 = Release|ARM64
		{F9E9A131-E2FF-4432-8D85-93CA286B278B}.Release|ARM64.Deploy.0 = Release|ARM64
		{F9E9A131-E2FF-4432-8D85-93CA286B278B}.Release|iPhone.ActiveCfg = Release|x86
		{F9E9A131-E2FF-4432-8D85-93CA286B278B}.Release|iPhone.Build.0 = Release|x86
		{F9E9A131-E2FF-4432-8D85-93CA286B278B}.Release|iPhoneSimulator.ActiveCfg = Release|x86
		{F9E9A131-E2FF-4432-8D85-93CA286B278B}.Release|iPhoneSimulator.Build.0 = Release|x86
		{F9E9A131-E2FF-4432-8D85-93CA286B278B}.Release|iPhoneSimulator.Deploy.0 = Release|x86
		{F9E9A131-E2FF-4432-8D85-93CA286B278B}.Release|x64.ActiveCfg = Release|x64
		{F9E9A131-E2FF-4432-8D85-93CA286B278B}.Release|x64.Build.0 = Release|x64
		{F9E9A131-E2FF-4432-8D85-93CA286B278B}.Release|x64.Deploy.0 = Release|x64
		{F9E9A131-E2FF-4432-8D85-93CA286B278B}.Release|x86.ActiveCfg = Release|x86
		{F9E9A131-E2FF-4432-8D85-93CA286B278B}.Release|x86.Build.0 = Release|x86
		{F9E9A131-E2FF-4432-8D85-93CA286B278B}.Release|x86.Deploy.0 = Release|x86
		{40EA03F7-8A22-4143-B251-79BAC3EB13D2}.Debug|Any CPU.ActiveCfg = Debug|Any CPU
		{40EA03F7-8A22-4143-B251-79BAC3EB13D2}.Debug|Any CPU.Build.0 = Debug|Any CPU
		{40EA03F7-8A22-4143-B251-79BAC3EB13D2}.Debug|ARM.ActiveCfg = Debug|Any CPU
		{40EA03F7-8A22-4143-B251-79BAC3EB13D2}.Debug|ARM.Build.0 = Debug|Any CPU
		{40EA03F7-8A22-4143-B251-79BAC3EB13D2}.Debug|ARM64.ActiveCfg = Debug|Any CPU
		{40EA03F7-8A22-4143-B251-79BAC3EB13D2}.Debug|ARM64.Build.0 = Debug|Any CPU
		{40EA03F7-8A22-4143-B251-79BAC3EB13D2}.Debug|iPhone.ActiveCfg = Debug|Any CPU
		{40EA03F7-8A22-4143-B251-79BAC3EB13D2}.Debug|iPhone.Build.0 = Debug|Any CPU
		{40EA03F7-8A22-4143-B251-79BAC3EB13D2}.Debug|iPhoneSimulator.ActiveCfg = Debug|Any CPU
		{40EA03F7-8A22-4143-B251-79BAC3EB13D2}.Debug|iPhoneSimulator.Build.0 = Debug|Any CPU
		{40EA03F7-8A22-4143-B251-79BAC3EB13D2}.Debug|x64.ActiveCfg = Debug|Any CPU
		{40EA03F7-8A22-4143-B251-79BAC3EB13D2}.Debug|x64.Build.0 = Debug|Any CPU
		{40EA03F7-8A22-4143-B251-79BAC3EB13D2}.Debug|x86.ActiveCfg = Debug|Any CPU
		{40EA03F7-8A22-4143-B251-79BAC3EB13D2}.Debug|x86.Build.0 = Debug|Any CPU
		{40EA03F7-8A22-4143-B251-79BAC3EB13D2}.Release|Any CPU.ActiveCfg = Release|Any CPU
		{40EA03F7-8A22-4143-B251-79BAC3EB13D2}.Release|Any CPU.Build.0 = Release|Any CPU
		{40EA03F7-8A22-4143-B251-79BAC3EB13D2}.Release|ARM.ActiveCfg = Release|Any CPU
		{40EA03F7-8A22-4143-B251-79BAC3EB13D2}.Release|ARM.Build.0 = Release|Any CPU
		{40EA03F7-8A22-4143-B251-79BAC3EB13D2}.Release|ARM64.ActiveCfg = Release|Any CPU
		{40EA03F7-8A22-4143-B251-79BAC3EB13D2}.Release|ARM64.Build.0 = Release|Any CPU
		{40EA03F7-8A22-4143-B251-79BAC3EB13D2}.Release|iPhone.ActiveCfg = Release|Any CPU
		{40EA03F7-8A22-4143-B251-79BAC3EB13D2}.Release|iPhone.Build.0 = Release|Any CPU
		{40EA03F7-8A22-4143-B251-79BAC3EB13D2}.Release|iPhoneSimulator.ActiveCfg = Release|Any CPU
		{40EA03F7-8A22-4143-B251-79BAC3EB13D2}.Release|iPhoneSimulator.Build.0 = Release|Any CPU
		{40EA03F7-8A22-4143-B251-79BAC3EB13D2}.Release|x64.ActiveCfg = Release|Any CPU
		{40EA03F7-8A22-4143-B251-79BAC3EB13D2}.Release|x64.Build.0 = Release|Any CPU
		{40EA03F7-8A22-4143-B251-79BAC3EB13D2}.Release|x86.ActiveCfg = Release|Any CPU
		{40EA03F7-8A22-4143-B251-79BAC3EB13D2}.Release|x86.Build.0 = Release|Any CPU
		{58DECD4D-BE14-49C3-9BF5-552AF22D2846}.Debug|Any CPU.ActiveCfg = Debug|iPhoneSimulator
		{58DECD4D-BE14-49C3-9BF5-552AF22D2846}.Debug|Any CPU.Build.0 = Debug|iPhoneSimulator
		{58DECD4D-BE14-49C3-9BF5-552AF22D2846}.Debug|ARM.ActiveCfg = Debug|iPhoneSimulator
		{58DECD4D-BE14-49C3-9BF5-552AF22D2846}.Debug|ARM64.ActiveCfg = Debug|iPhoneSimulator
		{58DECD4D-BE14-49C3-9BF5-552AF22D2846}.Debug|iPhone.ActiveCfg = Debug|iPhoneSimulator
		{58DECD4D-BE14-49C3-9BF5-552AF22D2846}.Debug|iPhone.Build.0 = Debug|iPhoneSimulator
		{58DECD4D-BE14-49C3-9BF5-552AF22D2846}.Debug|iPhoneSimulator.ActiveCfg = Debug|iPhoneSimulator
		{58DECD4D-BE14-49C3-9BF5-552AF22D2846}.Debug|iPhoneSimulator.Build.0 = Debug|iPhoneSimulator
		{58DECD4D-BE14-49C3-9BF5-552AF22D2846}.Debug|x64.ActiveCfg = Debug|iPhoneSimulator
		{58DECD4D-BE14-49C3-9BF5-552AF22D2846}.Debug|x64.Build.0 = Debug|iPhoneSimulator
		{58DECD4D-BE14-49C3-9BF5-552AF22D2846}.Debug|x86.ActiveCfg = Debug|iPhoneSimulator
		{58DECD4D-BE14-49C3-9BF5-552AF22D2846}.Debug|x86.Build.0 = Debug|iPhoneSimulator
		{58DECD4D-BE14-49C3-9BF5-552AF22D2846}.Release|Any CPU.ActiveCfg = Release|iPhoneSimulator
		{58DECD4D-BE14-49C3-9BF5-552AF22D2846}.Release|ARM.ActiveCfg = Release|iPhoneSimulator
		{58DECD4D-BE14-49C3-9BF5-552AF22D2846}.Release|ARM64.ActiveCfg = Release|iPhoneSimulator
		{58DECD4D-BE14-49C3-9BF5-552AF22D2846}.Release|iPhone.ActiveCfg = Release|iPhoneSimulator
		{58DECD4D-BE14-49C3-9BF5-552AF22D2846}.Release|iPhone.Build.0 = Release|iPhoneSimulator
		{58DECD4D-BE14-49C3-9BF5-552AF22D2846}.Release|iPhoneSimulator.ActiveCfg = Release|iPhoneSimulator
		{58DECD4D-BE14-49C3-9BF5-552AF22D2846}.Release|iPhoneSimulator.Build.0 = Release|iPhoneSimulator
		{58DECD4D-BE14-49C3-9BF5-552AF22D2846}.Release|x64.ActiveCfg = Release|iPhoneSimulator
		{58DECD4D-BE14-49C3-9BF5-552AF22D2846}.Release|x64.Build.0 = Release|iPhoneSimulator
		{58DECD4D-BE14-49C3-9BF5-552AF22D2846}.Release|x86.ActiveCfg = Release|iPhoneSimulator
		{58DECD4D-BE14-49C3-9BF5-552AF22D2846}.Release|x86.Build.0 = Release|iPhoneSimulator
		{A5B8155A-118F-4794-B551-C6F3CF7E5411}.Debug|Any CPU.ActiveCfg = Debug|Any CPU
		{A5B8155A-118F-4794-B551-C6F3CF7E5411}.Debug|Any CPU.Build.0 = Debug|Any CPU
		{A5B8155A-118F-4794-B551-C6F3CF7E5411}.Debug|ARM.ActiveCfg = Debug|Any CPU
		{A5B8155A-118F-4794-B551-C6F3CF7E5411}.Debug|ARM.Build.0 = Debug|Any CPU
		{A5B8155A-118F-4794-B551-C6F3CF7E5411}.Debug|ARM64.ActiveCfg = Debug|Any CPU
		{A5B8155A-118F-4794-B551-C6F3CF7E5411}.Debug|ARM64.Build.0 = Debug|Any CPU
		{A5B8155A-118F-4794-B551-C6F3CF7E5411}.Debug|iPhone.ActiveCfg = Debug|Any CPU
		{A5B8155A-118F-4794-B551-C6F3CF7E5411}.Debug|iPhone.Build.0 = Debug|Any CPU
		{A5B8155A-118F-4794-B551-C6F3CF7E5411}.Debug|iPhoneSimulator.ActiveCfg = Debug|Any CPU
		{A5B8155A-118F-4794-B551-C6F3CF7E5411}.Debug|iPhoneSimulator.Build.0 = Debug|Any CPU
		{A5B8155A-118F-4794-B551-C6F3CF7E5411}.Debug|x64.ActiveCfg = Debug|Any CPU
		{A5B8155A-118F-4794-B551-C6F3CF7E5411}.Debug|x64.Build.0 = Debug|Any CPU
		{A5B8155A-118F-4794-B551-C6F3CF7E5411}.Debug|x86.ActiveCfg = Debug|Any CPU
		{A5B8155A-118F-4794-B551-C6F3CF7E5411}.Debug|x86.Build.0 = Debug|Any CPU
		{A5B8155A-118F-4794-B551-C6F3CF7E5411}.Release|Any CPU.ActiveCfg = Release|Any CPU
		{A5B8155A-118F-4794-B551-C6F3CF7E5411}.Release|Any CPU.Build.0 = Release|Any CPU
		{A5B8155A-118F-4794-B551-C6F3CF7E5411}.Release|ARM.ActiveCfg = Release|Any CPU
		{A5B8155A-118F-4794-B551-C6F3CF7E5411}.Release|ARM.Build.0 = Release|Any CPU
		{A5B8155A-118F-4794-B551-C6F3CF7E5411}.Release|ARM64.ActiveCfg = Release|Any CPU
		{A5B8155A-118F-4794-B551-C6F3CF7E5411}.Release|ARM64.Build.0 = Release|Any CPU
		{A5B8155A-118F-4794-B551-C6F3CF7E5411}.Release|iPhone.ActiveCfg = Release|Any CPU
		{A5B8155A-118F-4794-B551-C6F3CF7E5411}.Release|iPhone.Build.0 = Release|Any CPU
		{A5B8155A-118F-4794-B551-C6F3CF7E5411}.Release|iPhoneSimulator.ActiveCfg = Release|Any CPU
		{A5B8155A-118F-4794-B551-C6F3CF7E5411}.Release|iPhoneSimulator.Build.0 = Release|Any CPU
		{A5B8155A-118F-4794-B551-C6F3CF7E5411}.Release|x64.ActiveCfg = Release|Any CPU
		{A5B8155A-118F-4794-B551-C6F3CF7E5411}.Release|x64.Build.0 = Release|Any CPU
		{A5B8155A-118F-4794-B551-C6F3CF7E5411}.Release|x86.ActiveCfg = Release|Any CPU
		{A5B8155A-118F-4794-B551-C6F3CF7E5411}.Release|x86.Build.0 = Release|Any CPU
		{BB4CC1E0-A0F3-4DF7-AE08-00B374125E64}.Debug|Any CPU.ActiveCfg = Debug|Any CPU
		{BB4CC1E0-A0F3-4DF7-AE08-00B374125E64}.Debug|Any CPU.Build.0 = Debug|Any CPU
		{BB4CC1E0-A0F3-4DF7-AE08-00B374125E64}.Debug|Any CPU.Deploy.0 = Debug|Any CPU
		{BB4CC1E0-A0F3-4DF7-AE08-00B374125E64}.Debug|ARM.ActiveCfg = Debug|Any CPU
		{BB4CC1E0-A0F3-4DF7-AE08-00B374125E64}.Debug|ARM.Build.0 = Debug|Any CPU
		{BB4CC1E0-A0F3-4DF7-AE08-00B374125E64}.Debug|ARM.Deploy.0 = Debug|Any CPU
		{BB4CC1E0-A0F3-4DF7-AE08-00B374125E64}.Debug|ARM64.ActiveCfg = Debug|Any CPU
		{BB4CC1E0-A0F3-4DF7-AE08-00B374125E64}.Debug|ARM64.Build.0 = Debug|Any CPU
		{BB4CC1E0-A0F3-4DF7-AE08-00B374125E64}.Debug|ARM64.Deploy.0 = Debug|Any CPU
		{BB4CC1E0-A0F3-4DF7-AE08-00B374125E64}.Debug|iPhone.ActiveCfg = Debug|Any CPU
		{BB4CC1E0-A0F3-4DF7-AE08-00B374125E64}.Debug|iPhone.Build.0 = Debug|Any CPU
		{BB4CC1E0-A0F3-4DF7-AE08-00B374125E64}.Debug|iPhone.Deploy.0 = Debug|Any CPU
		{BB4CC1E0-A0F3-4DF7-AE08-00B374125E64}.Debug|iPhoneSimulator.ActiveCfg = Debug|Any CPU
		{BB4CC1E0-A0F3-4DF7-AE08-00B374125E64}.Debug|iPhoneSimulator.Build.0 = Debug|Any CPU
		{BB4CC1E0-A0F3-4DF7-AE08-00B374125E64}.Debug|iPhoneSimulator.Deploy.0 = Debug|Any CPU
		{BB4CC1E0-A0F3-4DF7-AE08-00B374125E64}.Debug|x64.ActiveCfg = Debug|Any CPU
		{BB4CC1E0-A0F3-4DF7-AE08-00B374125E64}.Debug|x64.Build.0 = Debug|Any CPU
		{BB4CC1E0-A0F3-4DF7-AE08-00B374125E64}.Debug|x64.Deploy.0 = Debug|Any CPU
		{BB4CC1E0-A0F3-4DF7-AE08-00B374125E64}.Debug|x86.ActiveCfg = Debug|Any CPU
		{BB4CC1E0-A0F3-4DF7-AE08-00B374125E64}.Debug|x86.Build.0 = Debug|Any CPU
		{BB4CC1E0-A0F3-4DF7-AE08-00B374125E64}.Debug|x86.Deploy.0 = Debug|Any CPU
		{BB4CC1E0-A0F3-4DF7-AE08-00B374125E64}.Release|Any CPU.ActiveCfg = Release|Any CPU
		{BB4CC1E0-A0F3-4DF7-AE08-00B374125E64}.Release|Any CPU.Build.0 = Release|Any CPU
		{BB4CC1E0-A0F3-4DF7-AE08-00B374125E64}.Release|ARM.ActiveCfg = Release|Any CPU
		{BB4CC1E0-A0F3-4DF7-AE08-00B374125E64}.Release|ARM.Build.0 = Release|Any CPU
		{BB4CC1E0-A0F3-4DF7-AE08-00B374125E64}.Release|ARM.Deploy.0 = Release|Any CPU
		{BB4CC1E0-A0F3-4DF7-AE08-00B374125E64}.Release|ARM64.ActiveCfg = Release|Any CPU
		{BB4CC1E0-A0F3-4DF7-AE08-00B374125E64}.Release|ARM64.Build.0 = Release|Any CPU
		{BB4CC1E0-A0F3-4DF7-AE08-00B374125E64}.Release|ARM64.Deploy.0 = Release|Any CPU
		{BB4CC1E0-A0F3-4DF7-AE08-00B374125E64}.Release|iPhone.ActiveCfg = Release|Any CPU
		{BB4CC1E0-A0F3-4DF7-AE08-00B374125E64}.Release|iPhone.Build.0 = Release|Any CPU
		{BB4CC1E0-A0F3-4DF7-AE08-00B374125E64}.Release|iPhoneSimulator.ActiveCfg = Release|Any CPU
		{BB4CC1E0-A0F3-4DF7-AE08-00B374125E64}.Release|iPhoneSimulator.Build.0 = Release|Any CPU
		{BB4CC1E0-A0F3-4DF7-AE08-00B374125E64}.Release|iPhoneSimulator.Deploy.0 = Release|Any CPU
		{BB4CC1E0-A0F3-4DF7-AE08-00B374125E64}.Release|x64.ActiveCfg = Release|Any CPU
		{BB4CC1E0-A0F3-4DF7-AE08-00B374125E64}.Release|x64.Build.0 = Release|Any CPU
		{BB4CC1E0-A0F3-4DF7-AE08-00B374125E64}.Release|x64.Deploy.0 = Release|Any CPU
		{BB4CC1E0-A0F3-4DF7-AE08-00B374125E64}.Release|x86.ActiveCfg = Release|Any CPU
		{BB4CC1E0-A0F3-4DF7-AE08-00B374125E64}.Release|x86.Build.0 = Release|Any CPU
		{BB4CC1E0-A0F3-4DF7-AE08-00B374125E64}.Release|x86.Deploy.0 = Release|Any CPU
		{6CF284A4-22B1-4F05-97F4-F095C07A598E}.Debug|Any CPU.ActiveCfg = Debug|Any CPU
		{6CF284A4-22B1-4F05-97F4-F095C07A598E}.Debug|Any CPU.Build.0 = Debug|Any CPU
		{6CF284A4-22B1-4F05-97F4-F095C07A598E}.Debug|ARM.ActiveCfg = Debug|Any CPU
		{6CF284A4-22B1-4F05-97F4-F095C07A598E}.Debug|ARM.Build.0 = Debug|Any CPU
		{6CF284A4-22B1-4F05-97F4-F095C07A598E}.Debug|ARM64.ActiveCfg = Debug|Any CPU
		{6CF284A4-22B1-4F05-97F4-F095C07A598E}.Debug|ARM64.Build.0 = Debug|Any CPU
		{6CF284A4-22B1-4F05-97F4-F095C07A598E}.Debug|iPhone.ActiveCfg = Debug|Any CPU
		{6CF284A4-22B1-4F05-97F4-F095C07A598E}.Debug|iPhone.Build.0 = Debug|Any CPU
		{6CF284A4-22B1-4F05-97F4-F095C07A598E}.Debug|iPhoneSimulator.ActiveCfg = Debug|Any CPU
		{6CF284A4-22B1-4F05-97F4-F095C07A598E}.Debug|iPhoneSimulator.Build.0 = Debug|Any CPU
		{6CF284A4-22B1-4F05-97F4-F095C07A598E}.Debug|x64.ActiveCfg = Debug|Any CPU
		{6CF284A4-22B1-4F05-97F4-F095C07A598E}.Debug|x64.Build.0 = Debug|Any CPU
		{6CF284A4-22B1-4F05-97F4-F095C07A598E}.Debug|x86.ActiveCfg = Debug|Any CPU
		{6CF284A4-22B1-4F05-97F4-F095C07A598E}.Debug|x86.Build.0 = Debug|Any CPU
		{6CF284A4-22B1-4F05-97F4-F095C07A598E}.Release|Any CPU.ActiveCfg = Release|Any CPU
		{6CF284A4-22B1-4F05-97F4-F095C07A598E}.Release|Any CPU.Build.0 = Release|Any CPU
		{6CF284A4-22B1-4F05-97F4-F095C07A598E}.Release|ARM.ActiveCfg = Release|Any CPU
		{6CF284A4-22B1-4F05-97F4-F095C07A598E}.Release|ARM.Build.0 = Release|Any CPU
		{6CF284A4-22B1-4F05-97F4-F095C07A598E}.Release|ARM64.ActiveCfg = Release|Any CPU
		{6CF284A4-22B1-4F05-97F4-F095C07A598E}.Release|ARM64.Build.0 = Release|Any CPU
		{6CF284A4-22B1-4F05-97F4-F095C07A598E}.Release|iPhone.ActiveCfg = Release|Any CPU
		{6CF284A4-22B1-4F05-97F4-F095C07A598E}.Release|iPhone.Build.0 = Release|Any CPU
		{6CF284A4-22B1-4F05-97F4-F095C07A598E}.Release|iPhoneSimulator.ActiveCfg = Release|Any CPU
		{6CF284A4-22B1-4F05-97F4-F095C07A598E}.Release|iPhoneSimulator.Build.0 = Release|Any CPU
		{6CF284A4-22B1-4F05-97F4-F095C07A598E}.Release|x64.ActiveCfg = Release|Any CPU
		{6CF284A4-22B1-4F05-97F4-F095C07A598E}.Release|x64.Build.0 = Release|Any CPU
		{6CF284A4-22B1-4F05-97F4-F095C07A598E}.Release|x86.ActiveCfg = Release|Any CPU
		{6CF284A4-22B1-4F05-97F4-F095C07A598E}.Release|x86.Build.0 = Release|Any CPU
	EndGlobalSection
	GlobalSection(SolutionProperties) = preSolution
		HideSolutionNode = FALSE
	EndGlobalSection
	GlobalSection(ExtensibilityGlobals) = postSolution
		SolutionGuid = {C7433AE2-B1A0-4C1A-887E-5CAA7AAF67A6}
	EndGlobalSection
EndGlobal
